<?xml version="1.0" encoding="utf-8"?>
<Project ToolsVersion="4.0" xmlns="http://schemas.microsoft.com/developer/msbuild/2003">
  <ItemGroup>
    <Filter Include="Archivos de código fuente">
      <UniqueIdentifier>{4FC737F1-C7A5-4376-A066-2A32D752A2FF}</UniqueIdentifier>
      <Extensions>cpp;c;cc;cxx;def;odl;idl;hpj;bat;asm;asmx</Extensions>
    </Filter>
    <Filter Include="Archivos de encabezado">
      <UniqueIdentifier>{93995380-89BD-4b04-88EB-625FBE52EBFB}</UniqueIdentifier>
      <Extensions>h;hh;hpp;hxx;hm;inl;inc;xsd</Extensions>
    </Filter>
    <Filter Include="Archivos de recursos">
      <UniqueIdentifier>{67DA6AB6-F800-4c08-8B7A-83BB121AAD01}</UniqueIdentifier>
      <Extensions>rc;ico;cur;bmp;dlg;rc2;rct;bin;rgs;gif;jpg;jpeg;jpe;resx;tiff;tif;png;wav;mfcribbon-ms</Extensions>
    </Filter>
    <Filter Include="Archivos de código fuente\ManagersCPP">
      <UniqueIdentifier>{275aafdd-0ded-4641-9baa-f2d4568a93cf}</UniqueIdentifier>
    </Filter>
    <Filter Include="Archivos de encabezado\ManagersH">
      <UniqueIdentifier>{8cccf16d-0d58-4f83-8d70-fb1c58e53788}</UniqueIdentifier>
    </Filter>
    <Filter Include="Archivos de código fuente\SingletonCPP">
      <UniqueIdentifier>{3980f0d3-191f-4430-99ba-423f1b9bf41d}</UniqueIdentifier>
    </Filter>
    <Filter Include="Archivos de encabezado\SingletonH">
      <UniqueIdentifier>{dbde096a-ca6d-4e1d-bfb1-10496bddfcf3}</UniqueIdentifier>
    </Filter>
    <Filter Include="Archivos de código fuente\Main&amp;MotorCPP">
      <UniqueIdentifier>{a655d6a2-d549-4833-ab13-9f17755e4390}</UniqueIdentifier>
    </Filter>
    <Filter Include="Archivos de encabezado\ClasesH">
      <UniqueIdentifier>{fdeaf6c1-cb1b-4d61-a249-0f09c3725b34}</UniqueIdentifier>
    </Filter>
    <Filter Include="Archivos de código fuente\ClasesCPP">
      <UniqueIdentifier>{8da936d0-d5b5-46ac-b15c-a485aa651365}</UniqueIdentifier>
    </Filter>
  </ItemGroup>
  <ItemGroup>
    <Text Include="ReadMe.txt" />
  </ItemGroup>
  <ItemGroup>
    <ClInclude Include="stdafx.h">
      <Filter>Archivos de encabezado</Filter>
    </ClInclude>
    <ClInclude Include="targetver.h">
      <Filter>Archivos de encabezado</Filter>
    </ClInclude>
    <ClInclude Include="AnimationManager.h">
      <Filter>Archivos de encabezado\ManagersH</Filter>
    </ClInclude>
    <ClInclude Include="FileSystemManager.h">
      <Filter>Archivos de encabezado\ManagersH</Filter>
    </ClInclude>
    <ClInclude Include="MemoryManager.h">
      <Filter>Archivos de encabezado\ManagersH</Filter>
    </ClInclude>
    <ClInclude Include="PhysicsManager.h">
      <Filter>Archivos de encabezado\ManagersH</Filter>
    </ClInclude>
    <ClInclude Include="RenderManager.h">
      <Filter>Archivos de encabezado\ManagersH</Filter>
    </ClInclude>
    <ClInclude Include="TextureManager.h">
      <Filter>Archivos de encabezado\ManagersH</Filter>
    </ClInclude>
    <ClInclude Include="VideoManager.h">
      <Filter>Archivos de encabezado\ManagersH</Filter>
    </ClInclude>
    <ClInclude Include="Filesystem.h">
      <Filter>Archivos de encabezado\SingletonH</Filter>
    </ClInclude>
    <ClInclude Include="PS3.h">
      <Filter>Archivos de encabezado\SingletonH</Filter>
    </ClInclude>
    <ClInclude Include="PS4.h">
      <Filter>Archivos de encabezado\SingletonH</Filter>
    </ClInclude>
    <ClInclude Include="XONE.h">
      <Filter>Archivos de encabezado\SingletonH</Filter>
    </ClInclude>
    <ClInclude Include="AI.h">
      <Filter>Archivos de encabezado\ClasesH</Filter>
    </ClInclude>
    <ClInclude Include="ResourceManager.h">
      <Filter>Archivos de encabezado\ClasesH</Filter>
    </ClInclude>
    <ClInclude Include="EventManager.h">
      <Filter>Archivos de encabezado\ClasesH</Filter>
    </ClInclude>
    <ClInclude Include="AudioManager.h">
      <Filter>Archivos de encabezado\ClasesH</Filter>
    </ClInclude>
    <ClInclude Include="SceneManager.h">
      <Filter>Archivos de encabezado\ManagersH</Filter>
    </ClInclude>
    <ClInclude Include="InputManager.h">
      <Filter>Archivos de encabezado\ManagersH</Filter>
    </ClInclude>
  </ItemGroup>
  <ItemGroup>
    <ClCompile Include="stdafx.cpp">
      <Filter>Archivos de código fuente</Filter>
    </ClCompile>
    <ClCompile Include="AnimationManager.cpp">
      <Filter>Archivos de código fuente\ManagersCPP</Filter>
    </ClCompile>
    <ClCompile Include="FileSystemManager.cpp">
      <Filter>Archivos de código fuente\ManagersCPP</Filter>
    </ClCompile>
    <ClCompile Include="MemoryManager.cpp">
      <Filter>Archivos de código fuente\ManagersCPP</Filter>
    </ClCompile>
    <ClCompile Include="PhysicsManager.cpp">
      <Filter>Archivos de código fuente\ManagersCPP</Filter>
    </ClCompile>
    <ClCompile Include="RenderManager.cpp">
      <Filter>Archivos de código fuente\ManagersCPP</Filter>
    </ClCompile>
    <ClCompile Include="TextureManager.cpp">
      <Filter>Archivos de código fuente\ManagersCPP</Filter>
    </ClCompile>
    <ClCompile Include="VideoManager.cpp">
      <Filter>Archivos de código fuente\ManagersCPP</Filter>
    </ClCompile>
    <ClCompile Include="PS4.cpp">
      <Filter>Archivos de código fuente\SingletonCPP</Filter>
    </ClCompile>
    <ClCompile Include="PS3.cpp">
      <Filter>Archivos de código fuente\SingletonCPP</Filter>
    </ClCompile>
    <ClCompile Include="XONE.cpp">
      <Filter>Archivos de código fuente\SingletonCPP</Filter>
    </ClCompile>
    <ClCompile Include="Filesystem.cpp">
      <Filter>Archivos de código fuente\SingletonCPP</Filter>
    </ClCompile>
    <ClCompile Include="Main.cpp">
      <Filter>Archivos de código fuente\Main&amp;MotorCPP</Filter>
    </ClCompile>
    <ClCompile Include="AI.cpp">
      <Filter>Archivos de código fuente\ClasesCPP</Filter>
    </ClCompile>
    <ClCompile Include="ResourceManager.cpp">
      <Filter>Archivos de código fuente\ClasesCPP</Filter>
    </ClCompile>
    <ClCompile Include="EventManager.cpp">
      <Filter>Archivos de código fuente\ClasesCPP</Filter>
    </ClCompile>
    <ClCompile Include="AudioManager.cpp">
      <Filter>Archivos de código fuente\ClasesCPP</Filter>
    </ClCompile>
    <ClCompile Include="SceneManager.cpp">
      <Filter>Archivos de código fuente\ManagersCPP</Filter>
    </ClCompile>
    <ClCompile Include="InputManager.cpp">
      <Filter>Archivos de código fuente\ManagersCPP</Filter>
    </ClCompile>
  </ItemGroup>
</Project>